
Microsoft Visual Studio Solution File, Format Version 12.00
# Visual Studio Version 17
VisualStudioVersion = 17.4.33110.190
MinimumVisualStudioVersion = 10.0.40219.1
Project("{FAE04EC0-301F-11D3-BF4B-00C04F79EFBC}") = "Client", "Client\Client.csproj", "{0A0C6260-44BF-4648-B8FD-F4185C0353AB}"
EndProject
Project("{FAE04EC0-301F-11D3-BF4B-00C04F79EFBC}") = "Service", "Service\Service.csproj", "{20754448-B393-4174-BD73-CFC6DA48E2F6}"
EndProject
Project("{FAE04EC0-301F-11D3-BF4B-00C04F79EFBC}") = "Common", "Common\Common.csproj", "{829AC561-95EB-43B8-A255-5AB87D6AFA0C}"
EndProject
Global
	GlobalSection(SolutionConfigurationPlatforms) = preSolution
		Debug|Any CPU = Debug|Any CPU
		Release|Any CPU = Release|Any CPU
	EndGlobalSection
	GlobalSection(ProjectConfigurationPlatforms) = postSolution
		{0A0C6260-44BF-4648-B8FD-F4185C0353AB}.Debug|Any CPU.ActiveCfg = Debug|Any CPU
		{0A0C6260-44BF-4648-B8FD-F4185C0353AB}.Debug|Any CPU.Build.0 = Debug|Any CPU
		{0A0C6260-44BF-4648-B8FD-F4185C0353AB}.Release|Any CPU.ActiveCfg = Release|Any CPU
		{0A0C6260-44BF-4648-B8FD-F4185C0353AB}.Release|Any CPU.Build.0 = Release|Any CPU
		{20754448-B393-4174-BD73-CFC6DA48E2F6}.Debug|Any CPU.ActiveCfg = Debug|Any CPU
		{20754448-B393-4174-BD73-CFC6DA48E2F6}.Debug|Any CPU.Build.0 = Debug|Any CPU
		{20754448-B393-4174-BD73-CFC6DA48E2F6}.Release|Any CPU.ActiveCfg = Release|Any CPU
		{20754448-B393-4174-BD73-CFC6DA48E2F6}.Release|Any CPU.Build.0 = Release|Any CPU
		{829AC561-95EB-43B8-A255-5AB87D6AFA0C}.Debug|Any CPU.ActiveCfg = Debug|Any CPU
		{829AC561-95EB-43B8-A255-5AB87D6AFA0C}.Debug|Any CPU.Build.0 = Debug|Any CPU
		{829AC561-95EB-43B8-A255-5AB87D6AFA0C}.Release|Any CPU.ActiveCfg = Release|Any CPU
		{829AC561-95EB-43B8-A255-5AB87D6AFA0C}.Release|Any CPU.Build.0 = Release|Any CPU
	EndGlobalSection
	GlobalSection(SolutionProperties) = preSolution
		HideSolutionNode = FALSE
	EndGlobalSection
	GlobalSection(ExtensibilityGlobals) = postSolution
		SolutionGuid = {812F9F68-CEFB-4360-93E7-54CE8F369C17}
	EndGlobalSection
EndGlobal
